{
  "version": 4,
  "terraform_version": "0.12.26",
  "serial": 7,
  "lineage": "ded1560f-d90c-09d8-5d09-45fdcdd11b92",
  "outputs": {
    "website_domain": {
      "value": "s3-website.eu-central-1.amazonaws.com",
      "type": "string"
    },
    "website_endpoint": {
      "value": "my-app-test-bucket-duckett-de.s3-website.eu-central-1.amazonaws.com",
      "type": "string"
    }
  },
  "resources": [
    {
      "mode": "managed",
      "type": "aws_s3_bucket",
      "name": "react_bucket",
      "provider": "provider.aws",
      "instances": [
        {
          "schema_version": 0,
          "attributes": {
            "acceleration_status": "",
            "acl": "public-read",
            "arn": "arn:aws:s3:::my-app-test-bucket-duckett-de",
            "bucket": "my-app-test-bucket-duckett-de",
            "bucket_domain_name": "my-app-test-bucket-duckett-de.s3.amazonaws.com",
            "bucket_prefix": null,
            "bucket_regional_domain_name": "my-app-test-bucket-duckett-de.s3.eu-central-1.amazonaws.com",
            "cors_rule": [],
            "force_destroy": false,
            "grant": [],
            "hosted_zone_id": "Z21DNDUVLTQW6Q",
            "id": "my-app-test-bucket-duckett-de",
            "lifecycle_rule": [],
            "logging": [],
            "object_lock_configuration": [],
            "policy": "{\"Id\":\"bucket_policy_site\",\"Statement\":[{\"Action\":\"s3:GetObject\",\"Effect\":\"Allow\",\"Principal\":\"*\",\"Resource\":\"arn:aws:s3:::my-app-test-bucket-duckett-de/*\",\"Sid\":\"bucket_policy_site_main\"}],\"Version\":\"2012-10-17\"}",
            "region": "eu-central-1",
            "replication_configuration": [],
            "request_payer": "BucketOwner",
            "server_side_encryption_configuration": [],
            "tags": {},
            "versioning": [
              {
                "enabled": false,
                "mfa_delete": false
              }
            ],
            "website": [
              {
                "error_document": "index.html",
                "index_document": "index.html",
                "redirect_all_requests_to": "",
                "routing_rules": ""
              }
            ],
            "website_domain": "s3-website.eu-central-1.amazonaws.com",
            "website_endpoint": "my-app-test-bucket-duckett-de.s3-website.eu-central-1.amazonaws.com"
          }
        }
      ]
    }
  ]
}
